{
  "requires": true,
  "lockfileVersion": 1,
  "dependencies": {
    "bfj": {
      "version": "7.0.1",
      "resolved": "https://registry.npmjs.org/bfj/-/bfj-7.0.1.tgz",
      "integrity": "sha512-Zsy7GRuwXTxxTUUMAJ2mnKKkzuwMx0/byIxZHAUiw5QlVzrlX274f4P4V0e2BAhYwgqH5qVi2bVKPfwtUayw5Q==",
      "requires": {
        "bluebird": "^3.5.5",
        "check-types": "^8.0.3",
        "hoopy": "^0.1.4",
        "tryer": "^1.0.1"
      }
    },
    "bluebird": {
      "version": "3.7.1",
      "resolved": "https://registry.npmjs.org/bluebird/-/bluebird-3.7.1.tgz",
      "integrity": "sha512-DdmyoGCleJnkbp3nkbxTLJ18rjDsE4yCggEwKNXkeV123sPNfOCYeDoeuOY+F2FrSjO1YXcTU+dsy96KMy+gcg=="
    },
    "check-types": {
      "version": "8.0.3",
      "resolved": "https://registry.npmjs.org/check-types/-/check-types-8.0.3.tgz",
      "integrity": "sha512-YpeKZngUmG65rLudJ4taU7VLkOCTMhNl/u4ctNC56LQS/zJTyNH0Lrtwm1tfTsbLlwvlfsA2d1c8vCf/Kh2KwQ=="
    },
    "hoopy": {
      "version": "0.1.4",
      "resolved": "https://registry.npmjs.org/hoopy/-/hoopy-0.1.4.tgz",
      "integrity": "sha512-HRcs+2mr52W0K+x8RzcLzuPPmVIKMSv97RGHy0Ea9y/mpcaK+xTrjICA04KAHi4GRzxliNqNJEFYWHghy3rSfQ=="
    },
    "tryer": {
      "version": "1.0.1",
      "resolved": "https://registry.npmjs.org/tryer/-/tryer-1.0.1.tgz",
      "integrity": "sha512-c3zayb8/kWWpycWYg87P71E1S1ZL6b6IJxfb5fvsUgsf0S2MVGaDhDXXjDMpdCpfWXqptc+4mXwmiy1ypXqRAA=="
    }
  }
}
